
Microsoft Visual Studio Solution File, Format Version 12.00
# Visual Studio Version 17
VisualStudioVersion = 17.14.36414.22 d17.14
MinimumVisualStudioVersion = 10.0.40219.1
Project("{FAE04EC0-301F-11D3-BF4B-00C04F79EFBC}") = "SmartBite", "SmartBite\SmartBite.csproj", "{62B362BC-1612-4BA8-BA29-710726F7DA92}"
EndProject
Project("{FAE04EC0-301F-11D3-BF4B-00C04F79EFBC}") = "SmartBite.Maui", "SmartBite.Maui\SmartBite.Maui.csproj", "{1BD6FF15-5CC5-4715-A96F-ED2F704248B5}"
EndProject
Project("{FAE04EC0-301F-11D3-BF4B-00C04F79EFBC}") = "SmartBite.SQLite", "SmartBite.SQLite\SmartBite.SQLite.csproj", "{5C07F790-1EE9-48C1-AE27-DA12720411C8}"
EndProject
Global
	GlobalSection(SolutionConfigurationPlatforms) = preSolution
		Debug|Any CPU = Debug|Any CPU
		Release|Any CPU = Release|Any CPU
	EndGlobalSection
	GlobalSection(ProjectConfigurationPlatforms) = postSolution
		{62B362BC-1612-4BA8-BA29-710726F7DA92}.Debug|Any CPU.ActiveCfg = Debug|Any CPU
		{62B362BC-1612-4BA8-BA29-710726F7DA92}.Debug|Any CPU.Build.0 = Debug|Any CPU
		{62B362BC-1612-4BA8-BA29-710726F7DA92}.Release|Any CPU.ActiveCfg = Release|Any CPU
		{62B362BC-1612-4BA8-BA29-710726F7DA92}.Release|Any CPU.Build.0 = Release|Any CPU
		{1BD6FF15-5CC5-4715-A96F-ED2F704248B5}.Debug|Any CPU.ActiveCfg = Debug|Any CPU
		{1BD6FF15-5CC5-4715-A96F-ED2F704248B5}.Debug|Any CPU.Build.0 = Debug|Any CPU
		{1BD6FF15-5CC5-4715-A96F-ED2F704248B5}.Debug|Any CPU.Deploy.0 = Debug|Any CPU
		{1BD6FF15-5CC5-4715-A96F-ED2F704248B5}.Release|Any CPU.ActiveCfg = Release|Any CPU
		{1BD6FF15-5CC5-4715-A96F-ED2F704248B5}.Release|Any CPU.Build.0 = Release|Any CPU
		{1BD6FF15-5CC5-4715-A96F-ED2F704248B5}.Release|Any CPU.Deploy.0 = Release|Any CPU
		{5C07F790-1EE9-48C1-AE27-DA12720411C8}.Debug|Any CPU.ActiveCfg = Debug|Any CPU
		{5C07F790-1EE9-48C1-AE27-DA12720411C8}.Debug|Any CPU.Build.0 = Debug|Any CPU
		{5C07F790-1EE9-48C1-AE27-DA12720411C8}.Release|Any CPU.ActiveCfg = Release|Any CPU
		{5C07F790-1EE9-48C1-AE27-DA12720411C8}.Release|Any CPU.Build.0 = Release|Any CPU
	EndGlobalSection
	GlobalSection(SolutionProperties) = preSolution
		HideSolutionNode = FALSE
	EndGlobalSection
	GlobalSection(ExtensibilityGlobals) = postSolution
		SolutionGuid = {966F81E0-F27E-4645-9A3E-76AE9E417FAE}
	EndGlobalSection
EndGlobal
